
Microsoft Visual Studio Solution File, Format Version 12.00
# Visual Studio Version 17
VisualStudioVersion = 17.4.33205.214
MinimumVisualStudioVersion = 10.0.40219.1
Project("{11A8DD76-328B-46DF-9F39-F559912D0360}") = "Blinky", "Blinky\Blinky.nfproj", "{5D11A804-5893-4F5B-8A60-A45AFBA4595A}"
EndProject
Global
	GlobalSection(SolutionConfigurationPlatforms) = preSolution
		Debug|Any CPU = Debug|Any CPU
		Release|Any CPU = Release|Any CPU
	EndGlobalSection
	GlobalSection(ProjectConfigurationPlatforms) = postSolution
		{5D11A804-5893-4F5B-8A60-A45AFBA4595A}.Debug|Any CPU.ActiveCfg = Debug|Any CPU
		{5D11A804-5893-4F5B-8A60-A45AFBA4595A}.Debug|Any CPU.Build.0 = Debug|Any CPU
		{5D11A804-5893-4F5B-8A60-A45AFBA4595A}.Debug|Any CPU.Deploy.0 = Debug|Any CPU
		{5D11A804-5893-4F5B-8A60-A45AFBA4595A}.Release|Any CPU.ActiveCfg = Release|Any CPU
		{5D11A804-5893-4F5B-8A60-A45AFBA4595A}.Release|Any CPU.Build.0 = Release|Any CPU
		{5D11A804-5893-4F5B-8A60-A45AFBA4595A}.Release|Any CPU.Deploy.0 = Release|Any CPU
	EndGlobalSection
	GlobalSection(SolutionProperties) = preSolution
		HideSolutionNode = FALSE
	EndGlobalSection
	GlobalSection(ExtensibilityGlobals) = postSolution
		SolutionGuid = {142CA5DB-0E44-4169-B984-D289CCBA9AA5}
	EndGlobalSection
EndGlobal
